
Microsoft Visual Studio Solution File, Format Version 12.00
# Visual Studio Version 16
VisualStudioVersion = 16.0.29123.88
MinimumVisualStudioVersion = 10.0.40219.1
Project("{FAE04EC0-301F-11D3-BF4B-00C04F79EFBC}") = "HellpWPFApp", "HellpWPFApp\HellpWPFApp.csproj", "{BE68045E-79F6-409B-80E4-073724DA90E6}"
EndProject
Global
	GlobalSection(SolutionConfigurationPlatforms) = preSolution
		Debug|Any CPU = Debug|Any CPU
		Release|Any CPU = Release|Any CPU
	EndGlobalSection
	GlobalSection(ProjectConfigurationPlatforms) = postSolution
		{BE68045E-79F6-409B-80E4-073724DA90E6}.Debug|Any CPU.ActiveCfg = Debug|Any CPU
		{BE68045E-79F6-409B-80E4-073724DA90E6}.Debug|Any CPU.Build.0 = Debug|Any CPU
		{BE68045E-79F6-409B-80E4-073724DA90E6}.Release|Any CPU.ActiveCfg = Release|Any CPU
		{BE68045E-79F6-409B-80E4-073724DA90E6}.Release|Any CPU.Build.0 = Release|Any CPU
	EndGlobalSection
	GlobalSection(SolutionProperties) = preSolution
		HideSolutionNode = FALSE
	EndGlobalSection
	GlobalSection(ExtensibilityGlobals) = postSolution
		SolutionGuid = {E68A4C5A-8054-48BE-BC0A-9A7BD339C10D}
	EndGlobalSection
EndGlobal
